// !$*UTF8*$!
{ "archiveVersion" = "1"; "classes" = {  }; "objectVersion" = "56"; "objects" = { "15830381ABF304E93FA07313" = { "isa" = "PBXFileReference"; "lastKnownFileType" = "sourcecode.swift"; "path" = "SpatialPC/App/AppModel.swift"; "sourceTree" = "<group>"; }; "FB65797F14353DC89AC11E60" = { "isa" = "PBXBuildFile"; "fileRef" = "15830381ABF304E93FA07313"; }; "A97767BF30E70341254B8377" = { "isa" = "PBXFileReference"; "lastKnownFileType" = "sourcecode.swift"; "path" = "SpatialPC/App/SpatialPCApp.swift"; "sourceTree" = "<group>"; }; "F26B7387997087AA1D06E391" = { "isa" = "PBXBuildFile"; "fileRef" = "A97767BF30E70341254B8377"; }; "702B5B26756048B01AD9D9A4" = { "isa" = "PBXFileReference"; "lastKnownFileType" = "sourcecode.swift"; "path" = "SpatialPC/Connection/LabPairing.swift"; "sourceTree" = "<group>"; }; "31E7BB77C2FD52CFF4615924" = { "isa" = "PBXBuildFile"; "fileRef" = "702B5B26756048B01AD9D9A4"; }; "4B615C67FFB61920FE17F43D" = { "isa" = "PBXFileReference"; "lastKnownFileType" = "sourcecode.swift"; "path" = "SpatialPC/Connection/LabStreamClient.swift"; "sourceTree" = "<group>"; }; "079E601AF5C8E181B82C6512" = { "isa" = "PBXBuildFile"; "fileRef" = "4B615C67FFB61920FE17F43D"; }; "5AD81B0BA3FA35292144D914" = { "isa" = "PBXFileReference"; "lastKnownFileType" = "sourcecode.swift"; "path" = "SpatialPC/Discovery/HostDiscovery.swift"; "sourceTree" = "<group>"; }; "DE0B4AF24453AE26FC400311" = { "isa" = "PBXBuildFile"; "fileRef" = "5AD81B0BA3FA35292144D914"; }; "EAB0827930798094870B62C7" = { "isa" = "PBXFileReference"; "lastKnownFileType" = "sourcecode.metal"; "path" = "SpatialPC/Rendering/Desktop.metal"; "sourceTree" = "<group>"; }; "C359D47B191D8BA6DE5930A9" = { "isa" = "PBXBuildFile"; "fileRef" = "EAB0827930798094870B62C7"; }; "C9D3054A1ECC4B3E017E7CD2" = { "isa" = "PBXFileReference"; "lastKnownFileType" = "sourcecode.metal"; "path" = "SpatialPC/Rendering/Pattern.metal"; "sourceTree" = "<group>"; }; "41DFE00A8B522B16A8E795EA" = { "isa" = "PBXBuildFile"; "fileRef" = "C9D3054A1ECC4B3E017E7CD2"; }; "1B56AFAB001AF1E9B51A586D" = { "isa" = "PBXFileReference"; "lastKnownFileType" = "sourcecode.swift"; "path" = "SpatialPC/Rendering/SyntheticRenderer.swift"; "sourceTree" = "<group>"; }; "3379F9D0F263595E8A4F491E" = { "isa" = "PBXBuildFile"; "fileRef" = "1B56AFAB001AF1E9B51A586D"; }; "6B46D52EE8367920D63BACB7" = { "isa" = "PBXFileReference"; "lastKnownFileType" = "sourcecode.swift"; "path" = "SpatialPC/Streaming/H264Decoder.swift"; "sourceTree" = "<group>"; }; "4610DD511E4FE8A9B84FFA15" = { "isa" = "PBXBuildFile"; "fileRef" = "6B46D52EE8367920D63BACB7"; }; "BD3278E4D33A9B27863FCC08" = { "isa" = "PBXFileReference"; "lastKnownFileType" = "sourcecode.swift"; "path" = "SpatialPC/Streaming/StreamWire.swift"; "sourceTree" = "<group>"; }; "E009E619EB2C009D5310CBF5" = { "isa" = "PBXBuildFile"; "fileRef" = "BD3278E4D33A9B27863FCC08"; }; "ADFF3AF26B2AC3F8ACDEE9D6" = { "isa" = "PBXFileReference"; "lastKnownFileType" = "sourcecode.swift"; "path" = "SpatialPC/UI/ControlCenter.swift"; "sourceTree" = "<group>"; }; "4B30E78EAD96DC7BB016FE66" = { "isa" = "PBXBuildFile"; "fileRef" = "ADFF3AF26B2AC3F8ACDEE9D6"; }; "4BF5AD5BCDB801E47B4E2D3D" = { "isa" = "PBXFileReference"; "lastKnownFileType" = "sourcecode.swift"; "path" = "SpatialPC/UI/DesktopNavigation.swift"; "sourceTree" = "<group>"; }; "00102EE80707818EE9CB99B8" = { "isa" = "PBXBuildFile"; "fileRef" = "4BF5AD5BCDB801E47B4E2D3D"; }; "CA51B1900063D89DF3057D1A" = { "isa" = "PBXFileReference"; "lastKnownFileType" = "sourcecode.swift"; "path" = "SpatialPC/UI/PCDesktopWindow.swift"; "sourceTree" = "<group>"; }; "8DA73A7420562E1C083DF854" = { "isa" = "PBXBuildFile"; "fileRef" = "CA51B1900063D89DF3057D1A"; }; "8449576CC0402804C2F2E2C5" = { "isa" = "PBXFileReference"; "lastKnownFileType" = "sourcecode.swift"; "path" = "SpatialPC/UI/SpatialSurface.swift"; "sourceTree" = "<group>"; }; "6CB639BA027925991F457956" = { "isa" = "PBXBuildFile"; "fileRef" = "8449576CC0402804C2F2E2C5"; }; "34D94F7D149D850E0D6FD98A" = { "isa" = "PBXFileReference"; "lastKnownFileType" = "sourcecode.swift"; "path" = "SpatialPC/Workspace/FocusEnvironment.swift"; "sourceTree" = "<group>"; }; "434BE4D9E20AD577E0C428F2" = { "isa" = "PBXBuildFile"; "fileRef" = "34D94F7D149D850E0D6FD98A"; }; "455BBE6FF1176BF7211BC1A6" = { "isa" = "PBXFileReference"; "lastKnownFileType" = "sourcecode.swift"; "path" = "SpatialPC/Workspace/WorkspaceSettings.swift"; "sourceTree" = "<group>"; }; "C0B18EFFF4370D606CF4EA0E" = { "isa" = "PBXBuildFile"; "fileRef" = "455BBE6FF1176BF7211BC1A6"; }; "A8792157CB4F27FB949C035F" = { "isa" = "PBXFileReference"; "explicitFileType" = "wrapper.application"; "path" = "SpatialPC.app"; "sourceTree" = "BUILT_PRODUCTS_DIR"; }; "0A3E27B8CA818264D75C8D81" = { "isa" = "PBXGroup"; "children" = ( "A8792157CB4F27FB949C035F" ); "name" = "Products"; "sourceTree" = "<group>"; }; "0035FE99EA2940F7FA633A58" = { "isa" = "PBXGroup"; "children" = ( "15830381ABF304E93FA07313", "A97767BF30E70341254B8377", "702B5B26756048B01AD9D9A4", "4B615C67FFB61920FE17F43D", "5AD81B0BA3FA35292144D914", "EAB0827930798094870B62C7", "C9D3054A1ECC4B3E017E7CD2", "1B56AFAB001AF1E9B51A586D", "6B46D52EE8367920D63BACB7", "BD3278E4D33A9B27863FCC08", "ADFF3AF26B2AC3F8ACDEE9D6", "4BF5AD5BCDB801E47B4E2D3D", "CA51B1900063D89DF3057D1A", "8449576CC0402804C2F2E2C5", "34D94F7D149D850E0D6FD98A", "455BBE6FF1176BF7211BC1A6", "0A3E27B8CA818264D75C8D81" ); "sourceTree" = "<group>"; }; "878A52FC5FF6A57D50B7B870" = { "isa" = "PBXSourcesBuildPhase"; "buildActionMask" = "2147483647"; "files" = ( "FB65797F14353DC89AC11E60", "F26B7387997087AA1D06E391", "31E7BB77C2FD52CFF4615924", "079E601AF5C8E181B82C6512", "DE0B4AF24453AE26FC400311", "C359D47B191D8BA6DE5930A9", "41DFE00A8B522B16A8E795EA", "3379F9D0F263595E8A4F491E", "4610DD511E4FE8A9B84FFA15", "E009E619EB2C009D5310CBF5", "4B30E78EAD96DC7BB016FE66", "00102EE80707818EE9CB99B8", "8DA73A7420562E1C083DF854", "6CB639BA027925991F457956", "434BE4D9E20AD577E0C428F2", "C0B18EFFF4370D606CF4EA0E" ); "runOnlyForDeploymentPostprocessing" = "0"; }; "E2AA269EB967A8853A258BFA" = { "isa" = "PBXFrameworksBuildPhase"; "buildActionMask" = "2147483647"; "files" = (  ); "runOnlyForDeploymentPostprocessing" = "0"; }; "1F14D62AEF4518CE7AC9123C" = { "isa" = "XCBuildConfiguration"; "buildSettings" = { "ALWAYS_SEARCH_USER_PATHS" = "NO"; "PRODUCT_NAME" = "SpatialPC"; "PRODUCT_BUNDLE_IDENTIFIER" = "com.example.spatialpc"; "DEVELOPMENT_TEAM" = ""; "CODE_SIGN_STYLE" = "Automatic"; "SDKROOT" = "xros"; "SUPPORTED_PLATFORMS" = "xros xrsimulator"; "TARGETED_DEVICE_FAMILY" = "7"; "XROS_DEPLOYMENT_TARGET" = "2.0"; "SWIFT_VERSION" = "5.0"; "SWIFT_STRICT_CONCURRENCY" = "complete"; "INFOPLIST_FILE" = "SpatialPC/Info.plist"; "GENERATE_INFOPLIST_FILE" = "NO"; "ENABLE_USER_SCRIPT_SANDBOXING" = "YES"; "MARKETING_VERSION" = "0.1.0"; "CURRENT_PROJECT_VERSION" = "1"; "SWIFT_OPTIMIZATION_LEVEL" = "-Onone"; "DEBUG_INFORMATION_FORMAT" = "dwarf-with-dsym"; "MTL_ENABLE_DEBUG_INFO" = "INCLUDE_SOURCE"; "SWIFT_ACTIVE_COMPILATION_CONDITIONS" = "DEBUG"; }; "name" = "Debug"; }; "B863CB88A1737F91124AB162" = { "isa" = "XCBuildConfiguration"; "buildSettings" = { "ALWAYS_SEARCH_USER_PATHS" = "NO"; "PRODUCT_NAME" = "SpatialPC"; "PRODUCT_BUNDLE_IDENTIFIER" = "com.example.spatialpc"; "DEVELOPMENT_TEAM" = ""; "CODE_SIGN_STYLE" = "Automatic"; "SDKROOT" = "xros"; "SUPPORTED_PLATFORMS" = "xros xrsimulator"; "TARGETED_DEVICE_FAMILY" = "7"; "XROS_DEPLOYMENT_TARGET" = "2.0"; "SWIFT_VERSION" = "5.0"; "SWIFT_STRICT_CONCURRENCY" = "complete"; "INFOPLIST_FILE" = "SpatialPC/Info.plist"; "GENERATE_INFOPLIST_FILE" = "NO"; "ENABLE_USER_SCRIPT_SANDBOXING" = "YES"; "MARKETING_VERSION" = "0.1.0"; "CURRENT_PROJECT_VERSION" = "1"; "SWIFT_OPTIMIZATION_LEVEL" = "-O"; "DEBUG_INFORMATION_FORMAT" = "dwarf-with-dsym"; "MTL_ENABLE_DEBUG_INFO" = "NO"; "SWIFT_ACTIVE_COMPILATION_CONDITIONS" = "DEBUG"; }; "name" = "Lab"; }; "57921FA43AD736EA8673ED95" = { "isa" = "XCBuildConfiguration"; "buildSettings" = { "ALWAYS_SEARCH_USER_PATHS" = "NO"; "PRODUCT_NAME" = "SpatialPC"; "PRODUCT_BUNDLE_IDENTIFIER" = "com.example.spatialpc"; "DEVELOPMENT_TEAM" = ""; "CODE_SIGN_STYLE" = "Automatic"; "SDKROOT" = "xros"; "SUPPORTED_PLATFORMS" = "xros xrsimulator"; "TARGETED_DEVICE_FAMILY" = "7"; "XROS_DEPLOYMENT_TARGET" = "2.0"; "SWIFT_VERSION" = "5.0"; "SWIFT_STRICT_CONCURRENCY" = "complete"; "INFOPLIST_FILE" = "SpatialPC/Info.plist"; "GENERATE_INFOPLIST_FILE" = "NO"; "ENABLE_USER_SCRIPT_SANDBOXING" = "YES"; "MARKETING_VERSION" = "0.1.0"; "CURRENT_PROJECT_VERSION" = "1"; "SWIFT_OPTIMIZATION_LEVEL" = "-O"; "DEBUG_INFORMATION_FORMAT" = "dwarf-with-dsym"; "MTL_ENABLE_DEBUG_INFO" = "NO"; "SWIFT_ACTIVE_COMPILATION_CONDITIONS" = ""; }; "name" = "Release"; }; "175AB01246347EE3CB3AD67C" = { "isa" = "XCConfigurationList"; "buildConfigurations" = ( "1F14D62AEF4518CE7AC9123C", "B863CB88A1737F91124AB162", "57921FA43AD736EA8673ED95" ); "defaultConfigurationIsVisible" = "0"; "defaultConfigurationName" = "Release"; }; "34A04005BCAF206EEC990BD9" = { "isa" = "PBXNativeTarget"; "buildConfigurationList" = "175AB01246347EE3CB3AD67C"; "buildPhases" = ( "878A52FC5FF6A57D50B7B870", "E2AA269EB967A8853A258BFA" ); "buildRules" = (  ); "dependencies" = (  ); "name" = "SpatialPC"; "productName" = "SpatialPC"; "productReference" = "A8792157CB4F27FB949C035F"; "productType" = "com.apple.product-type.application"; }; "244210E48437B6556980A702" = { "isa" = "PBXProject"; "attributes" = { "LastUpgradeCheck" = "2650"; }; "buildConfigurationList" = "175AB01246347EE3CB3AD67C"; "compatibilityVersion" = "Xcode 14.0"; "developmentRegion" = "en"; "hasScannedForEncodings" = "0"; "knownRegions" = ( "en", "Base" ); "mainGroup" = "0035FE99EA2940F7FA633A58"; "productRefGroup" = "0A3E27B8CA818264D75C8D81"; "projectDirPath" = ""; "projectRoot" = ""; "targets" = ( "34A04005BCAF206EEC990BD9" ); }; }; "rootObject" = "244210E48437B6556980A702"; }
