// !$*UTF8*$!
{ "archiveVersion" = "1"; "classes" = {  }; "objectVersion" = "56"; "objects" = { "15830381ABF304E93FA07313" = { "isa" = "PBXFileReference"; "lastKnownFileType" = "sourcecode.swift"; "path" = "SpatialPC/App/AppModel.swift"; "sourceTree" = "<group>"; }; "FB65797F14353DC89AC11E60" = { "isa" = "PBXBuildFile"; "fileRef" = "15830381ABF304E93FA07313"; }; "A97767BF30E70341254B8377" = { "isa" = "PBXFileReference"; "lastKnownFileType" = "sourcecode.swift"; "path" = "SpatialPC/App/SpatialPCApp.swift"; "sourceTree" = "<group>"; }; "F26B7387997087AA1D06E391" = { "isa" = "PBXBuildFile"; "fileRef" = "A97767BF30E70341254B8377"; }; "567AF9F5C8ED44E14A19F468" = { "isa" = "PBXFileReference"; "lastKnownFileType" = "sourcecode.swift"; "path" = "SpatialPC/Connection/DesktopStreamClient.swift"; "sourceTree" = "<group>"; }; "762873A993749D98A50707BD" = { "isa" = "PBXBuildFile"; "fileRef" = "567AF9F5C8ED44E14A19F468"; }; "702B5B26756048B01AD9D9A4" = { "isa" = "PBXFileReference"; "lastKnownFileType" = "sourcecode.swift"; "path" = "SpatialPC/Connection/LabPairing.swift"; "sourceTree" = "<group>"; }; "31E7BB77C2FD52CFF4615924" = { "isa" = "PBXBuildFile"; "fileRef" = "702B5B26756048B01AD9D9A4"; }; "5AD81B0BA3FA35292144D914" = { "isa" = "PBXFileReference"; "lastKnownFileType" = "sourcecode.swift"; "path" = "SpatialPC/Discovery/HostDiscovery.swift"; "sourceTree" = "<group>"; }; "DE0B4AF24453AE26FC400311" = { "isa" = "PBXBuildFile"; "fileRef" = "5AD81B0BA3FA35292144D914"; }; "8F4D63317A8C69DD95002D26" = { "isa" = "PBXFileReference"; "lastKnownFileType" = "sourcecode.swift"; "path" = "SpatialPC/FocusControl/FocusControlClient.swift"; "sourceTree" = "<group>"; }; "4396CB915AD9AB3E614EB26E" = { "isa" = "PBXBuildFile"; "fileRef" = "8F4D63317A8C69DD95002D26"; }; "758E075B167F6FE844FAA60C" = { "isa" = "PBXFileReference"; "lastKnownFileType" = "sourcecode.swift"; "path" = "SpatialPC/FocusControl/FocusControlWire.swift"; "sourceTree" = "<group>"; }; "8D44457D0036C8BC06288CD5" = { "isa" = "PBXBuildFile"; "fileRef" = "758E075B167F6FE844FAA60C"; }; "462961AA3AED78A85BFAF814" = { "isa" = "PBXFileReference"; "lastKnownFileType" = "sourcecode.swift"; "path" = "SpatialPC/FocusControl/FocusHostResolver.swift"; "sourceTree" = "<group>"; }; "D7298F20175CEDDE0385C95A" = { "isa" = "PBXBuildFile"; "fileRef" = "462961AA3AED78A85BFAF814"; }; "5E855EBD1012E854CF7A8733" = { "isa" = "PBXFileReference"; "lastKnownFileType" = "sourcecode.swift"; "path" = "SpatialPC/Pairing/PairedHostStore.swift"; "sourceTree" = "<group>"; }; "E15BF72A1C32F1E53E817AF9" = { "isa" = "PBXBuildFile"; "fileRef" = "5E855EBD1012E854CF7A8733"; }; "3F3B38C6C682CB84C3D6EC40" = { "isa" = "PBXFileReference"; "lastKnownFileType" = "sourcecode.swift"; "path" = "SpatialPC/Pairing/PairingAttemptBudget.swift"; "sourceTree" = "<group>"; }; "A257B8BE7B4249B97A4831B1" = { "isa" = "PBXBuildFile"; "fileRef" = "3F3B38C6C682CB84C3D6EC40"; }; "8A692A2E26FA3FEC95EF5A3F" = { "isa" = "PBXFileReference"; "lastKnownFileType" = "sourcecode.swift"; "path" = "SpatialPC/Pairing/PairingClient.swift"; "sourceTree" = "<group>"; }; "E0A1B887F8C953AFC91C54DF" = { "isa" = "PBXBuildFile"; "fileRef" = "8A692A2E26FA3FEC95EF5A3F"; }; "464805DFC298EBEBA395AAB9" = { "isa" = "PBXFileReference"; "lastKnownFileType" = "sourcecode.swift"; "path" = "SpatialPC/Pairing/PairingPAKE.swift"; "sourceTree" = "<group>"; }; "0220A354F9F6607A25D31F7C" = { "isa" = "PBXBuildFile"; "fileRef" = "464805DFC298EBEBA395AAB9"; }; "C8E7D7FF5E05E94F4DD9F15A" = { "isa" = "PBXFileReference"; "lastKnownFileType" = "sourcecode.swift"; "path" = "SpatialPC/Pairing/PairingV2Wire.swift"; "sourceTree" = "<group>"; }; "0F8784F5039D4870C0B799FF" = { "isa" = "PBXBuildFile"; "fileRef" = "C8E7D7FF5E05E94F4DD9F15A"; }; "D44C9BECA25FBE5FFB8FC000" = { "isa" = "PBXFileReference"; "lastKnownFileType" = "sourcecode.swift"; "path" = "SpatialPC/Pairing/PairingWire.swift"; "sourceTree" = "<group>"; }; "0C4DE023ACC6C1DE1217A220" = { "isa" = "PBXBuildFile"; "fileRef" = "D44C9BECA25FBE5FFB8FC000"; }; "EAB0827930798094870B62C7" = { "isa" = "PBXFileReference"; "lastKnownFileType" = "sourcecode.metal"; "path" = "SpatialPC/Rendering/Desktop.metal"; "sourceTree" = "<group>"; }; "C359D47B191D8BA6DE5930A9" = { "isa" = "PBXBuildFile"; "fileRef" = "EAB0827930798094870B62C7"; }; "C9D3054A1ECC4B3E017E7CD2" = { "isa" = "PBXFileReference"; "lastKnownFileType" = "sourcecode.metal"; "path" = "SpatialPC/Rendering/Pattern.metal"; "sourceTree" = "<group>"; }; "41DFE00A8B522B16A8E795EA" = { "isa" = "PBXBuildFile"; "fileRef" = "C9D3054A1ECC4B3E017E7CD2"; }; "1B56AFAB001AF1E9B51A586D" = { "isa" = "PBXFileReference"; "lastKnownFileType" = "sourcecode.swift"; "path" = "SpatialPC/Rendering/SyntheticRenderer.swift"; "sourceTree" = "<group>"; }; "3379F9D0F263595E8A4F491E" = { "isa" = "PBXBuildFile"; "fileRef" = "1B56AFAB001AF1E9B51A586D"; }; "3D19EF505D5BD9F7379E99F4" = { "isa" = "PBXFileReference"; "lastKnownFileType" = "sourcecode.swift"; "path" = "SpatialPC/Streaming/ExactStreamReader.swift"; "sourceTree" = "<group>"; }; "B9EEAC13A1D836469897644E" = { "isa" = "PBXBuildFile"; "fileRef" = "3D19EF505D5BD9F7379E99F4"; }; "6B46D52EE8367920D63BACB7" = { "isa" = "PBXFileReference"; "lastKnownFileType" = "sourcecode.swift"; "path" = "SpatialPC/Streaming/H264Decoder.swift"; "sourceTree" = "<group>"; }; "4610DD511E4FE8A9B84FFA15" = { "isa" = "PBXBuildFile"; "fileRef" = "6B46D52EE8367920D63BACB7"; }; "B6C79688F05AF1EAC3508379" = { "isa" = "PBXFileReference"; "lastKnownFileType" = "sourcecode.swift"; "path" = "SpatialPC/Streaming/InputWire.swift"; "sourceTree" = "<group>"; }; "B2BC1C9EA273B5C96F867F3E" = { "isa" = "PBXBuildFile"; "fileRef" = "B6C79688F05AF1EAC3508379"; }; "BD3278E4D33A9B27863FCC08" = { "isa" = "PBXFileReference"; "lastKnownFileType" = "sourcecode.swift"; "path" = "SpatialPC/Streaming/StreamWire.swift"; "sourceTree" = "<group>"; }; "E009E619EB2C009D5310CBF5" = { "isa" = "PBXBuildFile"; "fileRef" = "BD3278E4D33A9B27863FCC08"; }; "50C4D9BBE2FB49929BDB989F" = { "isa" = "PBXFileReference"; "lastKnownFileType" = "sourcecode.swift"; "path" = "SpatialPC/Streaming/VideoColorConversion.swift"; "sourceTree" = "<group>"; }; "0BDD8C04F71B1F35526667B9" = { "isa" = "PBXBuildFile"; "fileRef" = "50C4D9BBE2FB49929BDB989F"; }; "ADFF3AF26B2AC3F8ACDEE9D6" = { "isa" = "PBXFileReference"; "lastKnownFileType" = "sourcecode.swift"; "path" = "SpatialPC/UI/ControlCenter.swift"; "sourceTree" = "<group>"; }; "4B30E78EAD96DC7BB016FE66" = { "isa" = "PBXBuildFile"; "fileRef" = "ADFF3AF26B2AC3F8ACDEE9D6"; }; "8CD7EF470CE6B70CD531A8A5" = { "isa" = "PBXFileReference"; "lastKnownFileType" = "sourcecode.swift"; "path" = "SpatialPC/UI/DesktopInputController.swift"; "sourceTree" = "<group>"; }; "44B3C2E12033C4D30233E33C" = { "isa" = "PBXBuildFile"; "fileRef" = "8CD7EF470CE6B70CD531A8A5"; }; "4BF5AD5BCDB801E47B4E2D3D" = { "isa" = "PBXFileReference"; "lastKnownFileType" = "sourcecode.swift"; "path" = "SpatialPC/UI/DesktopNavigation.swift"; "sourceTree" = "<group>"; }; "00102EE80707818EE9CB99B8" = { "isa" = "PBXBuildFile"; "fileRef" = "4BF5AD5BCDB801E47B4E2D3D"; }; "988A01ADD79A56F1B8D5C0C7" = { "isa" = "PBXFileReference"; "lastKnownFileType" = "sourcecode.swift"; "path" = "SpatialPC/UI/DeviceSetup.swift"; "sourceTree" = "<group>"; }; "74BB0C31D0245D66805AF944" = { "isa" = "PBXBuildFile"; "fileRef" = "988A01ADD79A56F1B8D5C0C7"; }; "CA51B1900063D89DF3057D1A" = { "isa" = "PBXFileReference"; "lastKnownFileType" = "sourcecode.swift"; "path" = "SpatialPC/UI/PCDesktopWindow.swift"; "sourceTree" = "<group>"; }; "8DA73A7420562E1C083DF854" = { "isa" = "PBXBuildFile"; "fileRef" = "CA51B1900063D89DF3057D1A"; }; "8449576CC0402804C2F2E2C5" = { "isa" = "PBXFileReference"; "lastKnownFileType" = "sourcecode.swift"; "path" = "SpatialPC/UI/SpatialSurface.swift"; "sourceTree" = "<group>"; }; "6CB639BA027925991F457956" = { "isa" = "PBXBuildFile"; "fileRef" = "8449576CC0402804C2F2E2C5"; }; "34D94F7D149D850E0D6FD98A" = { "isa" = "PBXFileReference"; "lastKnownFileType" = "sourcecode.swift"; "path" = "SpatialPC/Workspace/FocusEnvironment.swift"; "sourceTree" = "<group>"; }; "434BE4D9E20AD577E0C428F2" = { "isa" = "PBXBuildFile"; "fileRef" = "34D94F7D149D850E0D6FD98A"; }; "455BBE6FF1176BF7211BC1A6" = { "isa" = "PBXFileReference"; "lastKnownFileType" = "sourcecode.swift"; "path" = "SpatialPC/Workspace/WorkspaceSettings.swift"; "sourceTree" = "<group>"; }; "C0B18EFFF4370D606CF4EA0E" = { "isa" = "PBXBuildFile"; "fileRef" = "455BBE6FF1176BF7211BC1A6"; }; "80184861EBF8D54DC1D2E7CD" = { "isa" = "PBXFileReference"; "lastKnownFileType" = "sourcecode.swift"; "path" = "SpatialPC/XR/XRConnectionGate.swift"; "sourceTree" = "<group>"; }; "3F049253DB18F408286C4BC7" = { "isa" = "PBXBuildFile"; "fileRef" = "80184861EBF8D54DC1D2E7CD"; }; "B6E377736D98D11BC7F8EA63" = { "isa" = "PBXFileReference"; "lastKnownFileType" = "sourcecode.swift"; "path" = "SpatialPC/XR/XRFocusSession.swift"; "sourceTree" = "<group>"; }; "922C0914E45715DA7681A2CB" = { "isa" = "PBXBuildFile"; "fileRef" = "B6E377736D98D11BC7F8EA63"; }; "DCA943818C71BC8165FD52E4" = { "isa" = "PBXFileReference"; "lastKnownFileType" = "folder.assetcatalog"; "path" = "SpatialPC/Assets.xcassets"; "sourceTree" = "<group>"; }; "43C77E49687A2D3A430E0A3F" = { "isa" = "PBXBuildFile"; "fileRef" = "DCA943818C71BC8165FD52E4"; }; "5939E7255863E5C13D62838D" = { "isa" = "PBXFileReference"; "lastKnownFileType" = "text.xml"; "path" = "SpatialPC/PrivacyInfo.xcprivacy"; "sourceTree" = "<group>"; }; "D1F706A8A4E8CBE1FF075F2F" = { "isa" = "PBXBuildFile"; "fileRef" = "5939E7255863E5C13D62838D"; }; "2C46B2E922F7736E43226CCB" = { "isa" = "PBXFileReference"; "lastKnownFileType" = "text"; "path" = "SpatialPC/ThirdPartyNotices.txt"; "sourceTree" = "<group>"; }; "9A2CAED29FFA774332CBB440" = { "isa" = "PBXBuildFile"; "fileRef" = "2C46B2E922F7736E43226CCB"; }; "41D311A605520FC7B8B9A980" = { "isa" = "PBXResourcesBuildPhase"; "buildActionMask" = "2147483647"; "files" = ( "43C77E49687A2D3A430E0A3F", "D1F706A8A4E8CBE1FF075F2F", "9A2CAED29FFA774332CBB440" ); "runOnlyForDeploymentPostprocessing" = "0"; }; "A8792157CB4F27FB949C035F" = { "isa" = "PBXFileReference"; "explicitFileType" = "wrapper.application"; "path" = "SpatialPC.app"; "sourceTree" = "BUILT_PRODUCTS_DIR"; }; "0A3E27B8CA818264D75C8D81" = { "isa" = "PBXGroup"; "children" = ( "A8792157CB4F27FB949C035F" ); "name" = "Products"; "sourceTree" = "<group>"; }; "0035FE99EA2940F7FA633A58" = { "isa" = "PBXGroup"; "children" = ( "15830381ABF304E93FA07313", "A97767BF30E70341254B8377", "567AF9F5C8ED44E14A19F468", "702B5B26756048B01AD9D9A4", "5AD81B0BA3FA35292144D914", "8F4D63317A8C69DD95002D26", "758E075B167F6FE844FAA60C", "462961AA3AED78A85BFAF814", "5E855EBD1012E854CF7A8733", "3F3B38C6C682CB84C3D6EC40", "8A692A2E26FA3FEC95EF5A3F", "464805DFC298EBEBA395AAB9", "C8E7D7FF5E05E94F4DD9F15A", "D44C9BECA25FBE5FFB8FC000", "EAB0827930798094870B62C7", "C9D3054A1ECC4B3E017E7CD2", "1B56AFAB001AF1E9B51A586D", "3D19EF505D5BD9F7379E99F4", "6B46D52EE8367920D63BACB7", "B6C79688F05AF1EAC3508379", "BD3278E4D33A9B27863FCC08", "50C4D9BBE2FB49929BDB989F", "ADFF3AF26B2AC3F8ACDEE9D6", "8CD7EF470CE6B70CD531A8A5", "4BF5AD5BCDB801E47B4E2D3D", "988A01ADD79A56F1B8D5C0C7", "CA51B1900063D89DF3057D1A", "8449576CC0402804C2F2E2C5", "34D94F7D149D850E0D6FD98A", "455BBE6FF1176BF7211BC1A6", "80184861EBF8D54DC1D2E7CD", "B6E377736D98D11BC7F8EA63", "DCA943818C71BC8165FD52E4", "5939E7255863E5C13D62838D", "2C46B2E922F7736E43226CCB", "0A3E27B8CA818264D75C8D81" ); "sourceTree" = "<group>"; }; "878A52FC5FF6A57D50B7B870" = { "isa" = "PBXSourcesBuildPhase"; "buildActionMask" = "2147483647"; "files" = ( "FB65797F14353DC89AC11E60", "F26B7387997087AA1D06E391", "762873A993749D98A50707BD", "31E7BB77C2FD52CFF4615924", "DE0B4AF24453AE26FC400311", "4396CB915AD9AB3E614EB26E", "8D44457D0036C8BC06288CD5", "D7298F20175CEDDE0385C95A", "E15BF72A1C32F1E53E817AF9", "A257B8BE7B4249B97A4831B1", "E0A1B887F8C953AFC91C54DF", "0220A354F9F6607A25D31F7C", "0F8784F5039D4870C0B799FF", "0C4DE023ACC6C1DE1217A220", "C359D47B191D8BA6DE5930A9", "41DFE00A8B522B16A8E795EA", "3379F9D0F263595E8A4F491E", "B9EEAC13A1D836469897644E", "4610DD511E4FE8A9B84FFA15", "B2BC1C9EA273B5C96F867F3E", "E009E619EB2C009D5310CBF5", "0BDD8C04F71B1F35526667B9", "4B30E78EAD96DC7BB016FE66", "44B3C2E12033C4D30233E33C", "00102EE80707818EE9CB99B8", "74BB0C31D0245D66805AF944", "8DA73A7420562E1C083DF854", "6CB639BA027925991F457956", "434BE4D9E20AD577E0C428F2", "C0B18EFFF4370D606CF4EA0E", "3F049253DB18F408286C4BC7", "922C0914E45715DA7681A2CB" ); "runOnlyForDeploymentPostprocessing" = "0"; }; "E2AA269EB967A8853A258BFA" = { "isa" = "PBXFrameworksBuildPhase"; "buildActionMask" = "2147483647"; "files" = (  ); "runOnlyForDeploymentPostprocessing" = "0"; }; "1F14D62AEF4518CE7AC9123C" = { "isa" = "XCBuildConfiguration"; "buildSettings" = { "ASSETCATALOG_COMPILER_APPICON_NAME" = "AppIcon"; "ALWAYS_SEARCH_USER_PATHS" = "NO"; "PRODUCT_NAME" = "SpatialPC"; "PRODUCT_BUNDLE_IDENTIFIER" = "com.golfcore.spatialpc"; "DEVELOPMENT_TEAM" = "2Y27799A92"; "CODE_SIGN_STYLE" = "Automatic"; "SDKROOT" = "xros"; "SUPPORTED_PLATFORMS" = "xros xrsimulator"; "TARGETED_DEVICE_FAMILY" = "7"; "XROS_DEPLOYMENT_TARGET" = "26.4"; "SWIFT_VERSION" = "5.0"; "SWIFT_STRICT_CONCURRENCY" = "complete"; "INFOPLIST_FILE" = "SpatialPC/Info.plist"; "GENERATE_INFOPLIST_FILE" = "NO"; "ENABLE_USER_SCRIPT_SANDBOXING" = "YES"; "MARKETING_VERSION" = "1.0.0"; "CURRENT_PROJECT_VERSION" = "1"; "SWIFT_OPTIMIZATION_LEVEL" = "-Onone"; "DEBUG_INFORMATION_FORMAT" = "dwarf-with-dsym"; "MTL_ENABLE_DEBUG_INFO" = "INCLUDE_SOURCE"; "SWIFT_ACTIVE_COMPILATION_CONDITIONS" = "DEBUG"; "ARCHS" = "arm64"; "SWIFT_INCLUDE_PATHS" = "$(inherited) $(PROJECT_DIR)/../shared/pairing/include"; "OTHER_LDFLAGS" = "$(inherited) -L$(PROJECT_DIR)/../.local/pairing/$(PLATFORM_NAME) -lspatial_pake -lc++ -Wl,-dead_strip"; "CODE_SIGN_ENTITLEMENTS" = "SpatialPC/XR/Focus.entitlements"; }; "name" = "Debug"; }; "B863CB88A1737F91124AB162" = { "isa" = "XCBuildConfiguration"; "buildSettings" = { "ASSETCATALOG_COMPILER_APPICON_NAME" = "AppIcon"; "ALWAYS_SEARCH_USER_PATHS" = "NO"; "PRODUCT_NAME" = "SpatialPC"; "PRODUCT_BUNDLE_IDENTIFIER" = "com.golfcore.spatialpc"; "DEVELOPMENT_TEAM" = "2Y27799A92"; "CODE_SIGN_STYLE" = "Automatic"; "SDKROOT" = "xros"; "SUPPORTED_PLATFORMS" = "xros xrsimulator"; "TARGETED_DEVICE_FAMILY" = "7"; "XROS_DEPLOYMENT_TARGET" = "26.4"; "SWIFT_VERSION" = "5.0"; "SWIFT_STRICT_CONCURRENCY" = "complete"; "INFOPLIST_FILE" = "SpatialPC/Info.plist"; "GENERATE_INFOPLIST_FILE" = "NO"; "ENABLE_USER_SCRIPT_SANDBOXING" = "YES"; "MARKETING_VERSION" = "1.0.0"; "CURRENT_PROJECT_VERSION" = "1"; "SWIFT_OPTIMIZATION_LEVEL" = "-O"; "DEBUG_INFORMATION_FORMAT" = "dwarf-with-dsym"; "MTL_ENABLE_DEBUG_INFO" = "NO"; "SWIFT_ACTIVE_COMPILATION_CONDITIONS" = "DEBUG"; "ARCHS" = "arm64"; "SWIFT_INCLUDE_PATHS" = "$(inherited) $(PROJECT_DIR)/../shared/pairing/include"; "OTHER_LDFLAGS" = "$(inherited) -L$(PROJECT_DIR)/../.local/pairing/$(PLATFORM_NAME) -lspatial_pake -lc++ -Wl,-dead_strip"; "CODE_SIGN_ENTITLEMENTS" = "SpatialPC/XR/Focus.entitlements"; }; "name" = "Lab"; }; "57921FA43AD736EA8673ED95" = { "isa" = "XCBuildConfiguration"; "buildSettings" = { "ASSETCATALOG_COMPILER_APPICON_NAME" = "AppIcon"; "ALWAYS_SEARCH_USER_PATHS" = "NO"; "PRODUCT_NAME" = "SpatialPC"; "PRODUCT_BUNDLE_IDENTIFIER" = "com.golfcore.spatialpc"; "DEVELOPMENT_TEAM" = "2Y27799A92"; "CODE_SIGN_STYLE" = "Automatic"; "SDKROOT" = "xros"; "SUPPORTED_PLATFORMS" = "xros xrsimulator"; "TARGETED_DEVICE_FAMILY" = "7"; "XROS_DEPLOYMENT_TARGET" = "26.4"; "SWIFT_VERSION" = "5.0"; "SWIFT_STRICT_CONCURRENCY" = "complete"; "INFOPLIST_FILE" = "SpatialPC/Info.plist"; "GENERATE_INFOPLIST_FILE" = "NO"; "ENABLE_USER_SCRIPT_SANDBOXING" = "YES"; "MARKETING_VERSION" = "1.0.0"; "CURRENT_PROJECT_VERSION" = "1"; "SWIFT_OPTIMIZATION_LEVEL" = "-O"; "DEBUG_INFORMATION_FORMAT" = "dwarf-with-dsym"; "MTL_ENABLE_DEBUG_INFO" = "NO"; "SWIFT_ACTIVE_COMPILATION_CONDITIONS" = ""; "ARCHS" = "arm64"; "SWIFT_INCLUDE_PATHS" = "$(inherited) $(PROJECT_DIR)/../shared/pairing/include"; "OTHER_LDFLAGS" = "$(inherited) -L$(PROJECT_DIR)/../.local/pairing/$(PLATFORM_NAME) -lspatial_pake -lc++ -Wl,-dead_strip"; "CODE_SIGN_ENTITLEMENTS" = "SpatialPC/XR/Focus.entitlements"; }; "name" = "Release"; }; "CDE3EFBE730AD4BCD2D58FD9" = { "isa" = "XCBuildConfiguration"; "buildSettings" = { "ASSETCATALOG_COMPILER_APPICON_NAME" = "AppIcon"; "ALWAYS_SEARCH_USER_PATHS" = "NO"; "PRODUCT_NAME" = "SpatialPC"; "PRODUCT_BUNDLE_IDENTIFIER" = "com.golfcore.spatialpc"; "DEVELOPMENT_TEAM" = "2Y27799A92"; "CODE_SIGN_STYLE" = "Automatic"; "SDKROOT" = "xros"; "SUPPORTED_PLATFORMS" = "xros xrsimulator"; "TARGETED_DEVICE_FAMILY" = "7"; "XROS_DEPLOYMENT_TARGET" = "26.4"; "SWIFT_VERSION" = "5.0"; "SWIFT_STRICT_CONCURRENCY" = "complete"; "INFOPLIST_FILE" = "SpatialPC/Info.plist"; "GENERATE_INFOPLIST_FILE" = "NO"; "ENABLE_USER_SCRIPT_SANDBOXING" = "YES"; "MARKETING_VERSION" = "1.0.0"; "CURRENT_PROJECT_VERSION" = "1"; "SWIFT_OPTIMIZATION_LEVEL" = "-O"; "DEBUG_INFORMATION_FORMAT" = "dwarf-with-dsym"; "MTL_ENABLE_DEBUG_INFO" = "NO"; "SWIFT_ACTIVE_COMPILATION_CONDITIONS" = ""; "ARCHS" = "arm64"; "SWIFT_INCLUDE_PATHS" = "$(inherited) $(PROJECT_DIR)/../shared/pairing/include"; "OTHER_LDFLAGS" = "$(inherited) -L$(PROJECT_DIR)/../.local/pairing/$(PLATFORM_NAME) -lspatial_pake -lc++ -Wl,-dead_strip"; "CODE_SIGN_ENTITLEMENTS" = "SpatialPC/XR/Focus.entitlements"; }; "name" = "XR"; }; "175AB01246347EE3CB3AD67C" = { "isa" = "XCConfigurationList"; "buildConfigurations" = ( "1F14D62AEF4518CE7AC9123C", "B863CB88A1737F91124AB162", "57921FA43AD736EA8673ED95", "CDE3EFBE730AD4BCD2D58FD9" ); "defaultConfigurationIsVisible" = "0"; "defaultConfigurationName" = "Release"; }; "34A04005BCAF206EEC990BD9" = { "isa" = "PBXNativeTarget"; "buildConfigurationList" = "175AB01246347EE3CB3AD67C"; "buildPhases" = ( "878A52FC5FF6A57D50B7B870", "E2AA269EB967A8853A258BFA", "41D311A605520FC7B8B9A980" ); "buildRules" = (  ); "dependencies" = (  ); "name" = "SpatialPC"; "productName" = "SpatialPC"; "productReference" = "A8792157CB4F27FB949C035F"; "productType" = "com.apple.product-type.application"; }; "244210E48437B6556980A702" = { "isa" = "PBXProject"; "attributes" = { "LastUpgradeCheck" = "2650"; }; "buildConfigurationList" = "175AB01246347EE3CB3AD67C"; "compatibilityVersion" = "Xcode 14.0"; "developmentRegion" = "en"; "hasScannedForEncodings" = "0"; "knownRegions" = ( "en", "Base" ); "mainGroup" = "0035FE99EA2940F7FA633A58"; "productRefGroup" = "0A3E27B8CA818264D75C8D81"; "projectDirPath" = ""; "projectRoot" = ""; "targets" = ( "34A04005BCAF206EEC990BD9" ); }; }; "rootObject" = "244210E48437B6556980A702"; }
